{
  "name": "arcadivision-microgames",
  "version": "0.1.0",
  "lockfileVersion": 3,
  "requires": true,
  "packages": {
    "": {
      "name": "arcadivision-microgames",
      "version": "0.1.0",
      "workspaces": [
        "packages/*"
      ],
      "devDependencies": {
        "typescript": "^5.5.0"
      }
    },
    "../Shell": {
      "name": "@arcadivision/shell",
      "version": "0.1.0",
      "devDependencies": {
        "typescript": "^5.5.0"
      }
    },
    "node_modules/@arcadivision/asteroids": {
      "resolved": "packages/asteroids",
      "link": true
    },
    "node_modules/@arcadivision/bomber-clone": {
      "resolved": "packages/bomber-clone",
      "link": true
    },
    "node_modules/@arcadivision/bubble-pop": {
      "resolved": "packages/bubble-pop",
      "link": true
    },
    "node_modules/@arcadivision/connect-four": {
      "resolved": "packages/connect-four",
      "link": true
    },
    "node_modules/@arcadivision/flappy-bird-clone": {
      "resolved": "packages/flappy-bird-clone",
      "link": true
    },
    "node_modules/@arcadivision/frogger-clone": {
      "resolved": "packages/frogger-clone",
      "link": true
    },
    "node_modules/@arcadivision/gem-match-clone": {
      "resolved": "packages/gem-match-clone",
      "link": true
    },
    "node_modules/@arcadivision/maze-chase-clone": {
      "resolved": "packages/maze-chase-clone",
      "link": true
    },
    "node_modules/@arcadivision/minesweeper": {
      "resolved": "packages/minesweeper",
      "link": true
    },
    "node_modules/@arcadivision/pong": {
      "resolved": "packages/pong",
      "link": true
    },
    "node_modules/@arcadivision/runner-clone": {
      "resolved": "packages/runner-clone",
      "link": true
    },
    "node_modules/@arcadivision/shell": {
      "resolved": "../Shell",
      "link": true
    },
    "node_modules/@arcadivision/shooter-suite": {
      "resolved": "packages/shooter-suite",
      "link": true
    },
    "node_modules/@arcadivision/snake": {
      "resolved": "packages/snake",
      "link": true
    },
    "node_modules/@arcadivision/solitaire": {
      "resolved": "packages/solitaire",
      "link": true
    },
    "node_modules/@arcadivision/tetris-clone": {
      "resolved": "packages/tetris-clone",
      "link": true
    },
    "node_modules/typescript": {
      "version": "5.9.3",
      "resolved": "https://registry.npmjs.org/typescript/-/typescript-5.9.3.tgz",
      "integrity": "sha512-jl1vZzPDinLr9eUt3J/t7V6FgNEw9QjvBPdysz9KfQDD41fQrC2Y4vKQdiaUpFT4bXlb1RHhLpp8wtm6M5TgSw==",
      "dev": true,
      "license": "Apache-2.0",
      "bin": {
        "tsc": "bin/tsc",
        "tsserver": "bin/tsserver"
      },
      "engines": {
        "node": ">=14.17"
      }
    },
    "packages/asteroids": {
      "name": "@arcadivision/asteroids",
      "version": "0.1.0",
      "dependencies": {
        "@arcadivision/shell": "file:../../../Shell"
      },
      "devDependencies": {
        "typescript": "^5.5.0"
      }
    },
    "packages/bomber-clone": {
      "name": "@arcadivision/bomber-clone",
      "version": "0.1.0",
      "dependencies": {
        "@arcadivision/shell": "file:../../../Shell"
      },
      "devDependencies": {
        "typescript": "^5.5.0"
      }
    },
    "packages/bubble-pop": {
      "name": "@arcadivision/bubble-pop",
      "version": "0.1.0",
      "dependencies": {
        "@arcadivision/shell": "file:../../../Shell"
      },
      "devDependencies": {
        "typescript": "^5.5.0"
      }
    },
    "packages/connect-four": {
      "name": "@arcadivision/connect-four",
      "version": "0.1.0",
      "dependencies": {
        "@arcadivision/shell": "file:../../../Shell"
      },
      "devDependencies": {
        "typescript": "^5.5.0"
      }
    },
    "packages/flappy-bird-clone": {
      "name": "@arcadivision/flappy-bird-clone",
      "version": "0.1.0",
      "dependencies": {
        "@arcadivision/shell": "file:../../../Shell"
      },
      "devDependencies": {
        "typescript": "^5.5.0"
      }
    },
    "packages/frogger-clone": {
      "name": "@arcadivision/frogger-clone",
      "version": "0.1.0",
      "dependencies": {
        "@arcadivision/shell": "file:../../../Shell"
      },
      "devDependencies": {
        "typescript": "^5.5.0"
      }
    },
    "packages/gem-match-clone": {
      "name": "@arcadivision/gem-match-clone",
      "version": "0.1.0",
      "dependencies": {
        "@arcadivision/shell": "file:../../../Shell"
      },
      "devDependencies": {
        "typescript": "^5.5.0"
      }
    },
    "packages/maze-chase-clone": {
      "name": "@arcadivision/maze-chase-clone",
      "version": "0.1.0",
      "dependencies": {
        "@arcadivision/shell": "file:../../../Shell"
      },
      "devDependencies": {
        "typescript": "^5.5.0"
      }
    },
    "packages/minesweeper": {
      "name": "@arcadivision/minesweeper",
      "version": "0.1.0",
      "dependencies": {
        "@arcadivision/shell": "file:../../../Shell"
      },
      "devDependencies": {
        "typescript": "^5.5.0"
      }
    },
    "packages/pong": {
      "name": "@arcadivision/pong",
      "version": "0.1.0",
      "dependencies": {
        "@arcadivision/shell": "file:../../../Shell"
      },
      "devDependencies": {
        "typescript": "^5.5.0"
      }
    },
    "packages/runner-clone": {
      "name": "@arcadivision/runner-clone",
      "version": "0.1.0",
      "dependencies": {
        "@arcadivision/shell": "file:../../../Shell"
      },
      "devDependencies": {
        "typescript": "^5.5.0"
      }
    },
    "packages/shooter-suite": {
      "name": "@arcadivision/shooter-suite",
      "version": "0.1.0",
      "dependencies": {
        "@arcadivision/shell": "file:../../../Shell"
      },
      "devDependencies": {
        "typescript": "^5.5.0"
      }
    },
    "packages/snake": {
      "name": "@arcadivision/snake",
      "version": "0.1.0",
      "dependencies": {
        "@arcadivision/shell": "file:../../../Shell"
      },
      "devDependencies": {
        "typescript": "^5.5.0"
      }
    },
    "packages/solitaire": {
      "name": "@arcadivision/solitaire",
      "version": "0.1.0",
      "dependencies": {
        "@arcadivision/shell": "file:../../../Shell"
      },
      "devDependencies": {
        "typescript": "^5.5.0"
      }
    },
    "packages/tetris-clone": {
      "name": "@arcadivision/tetris-clone",
      "version": "0.1.0",
      "dependencies": {
        "@arcadivision/shell": "file:../../../Shell"
      },
      "devDependencies": {
        "typescript": "^5.5.0"
      }
    }
  }
}
